// !$*UTF8*$!
{
	archiveVersion = 1;
	classes = {
	};
	objectVersion = 55;
	objects = {

/* Begin PBXBuildFile section */
		2A87FA2D28DAECE2004C40C6 /* MYSQLdatabaseApp.swift in Sources */ = {isa = PBXBuildFile; fileRef = 2A87FA2C28DAECE2004C40C6 /* MYSQLdatabaseApp.swift */; };
		2A87FA2F28DAECE2004C40C6 /* ContentView.swift in Sources */ = {isa = PBXBuildFile; fileRef = 2A87FA2E28DAECE2004C40C6 /* ContentView.swift */; };
		2A87FA3128DAECE5004C40C6 /* Assets.xcassets in Resources */ = {isa = PBXBuildFile; fileRef = 2A87FA3028DAECE5004C40C6 /* Assets.xcassets */; };
		2A87FA3428DAECE5004C40C6 /* Preview Assets.xcassets in Resources */ = {isa = PBXBuildFile; fileRef = 2A87FA3328DAECE5004C40C6 /* Preview Assets.xcassets */; };
		2A87FA3E28DAECE6004C40C6 /* MYSQLdatabaseTests.swift in Sources */ = {isa = PBXBuildFile; fileRef = 2A87FA3D28DAECE6004C40C6 /* MYSQLdatabaseTests.swift */; };
		2A87FA4828DAECE6004C40C6 /* MYSQLdatabaseUITests.swift in Sources */ = {isa = PBXBuildFile; fileRef = 2A87FA4728DAECE6004C40C6 /* MYSQLdatabaseUITests.swift */; };
		2A87FA4A28DAECE6004C40C6 /* MYSQLdatabaseUITestsLaunchTests.swift in Sources */ = {isa = PBXBuildFile; fileRef = 2A87FA4928DAECE6004C40C6 /* MYSQLdatabaseUITestsLaunchTests.swift */; };
		2A87FA5728DAED06004C40C6 /* ViewModel.swift in Sources */ = {isa = PBXBuildFile; fileRef = 2A87FA5628DAED06004C40C6 /* ViewModel.swift */; };
		2A87FA5928DAED73004C40C6 /* Models.swift in Sources */ = {isa = PBXBuildFile; fileRef = 2A87FA5828DAED73004C40C6 /* Models.swift */; };
		2ADD2A4328E060F2009E7082 /* DetailView.swift in Sources */ = {isa = PBXBuildFile; fileRef = 2ADD2A4228E060F2009E7082 /* DetailView.swift */; };
		2ADD2A4528E06BAF009E7082 /* CardView.swift in Sources */ = {isa = PBXBuildFile; fileRef = 2ADD2A4428E06BAF009E7082 /* CardView.swift */; };
		2ADD2A4728E06CED009E7082 /* EditPost.swift in Sources */ = {isa = PBXBuildFile; fileRef = 2ADD2A4628E06CED009E7082 /* EditPost.swift */; };
/* End PBXBuildFile section */

/* Begin PBXContainerItemProxy section */
		2A87FA3A28DAECE6004C40C6 /* PBXContainerItemProxy */ = {
			isa = PBXContainerItemProxy;
			containerPortal = 2A87FA2128DAECE2004C40C6 /* Project object */;
			proxyType = 1;
			remoteGlobalIDString = 2A87FA2828DAECE2004C40C6;
			remoteInfo = MYSQLdatabase;
		};
		2A87FA4428DAECE6004C40C6 /* PBXContainerItemProxy */ = {
			isa = PBXContainerItemProxy;
			containerPortal = 2A87FA2128DAECE2004C40C6 /* Project object */;
			proxyType = 1;
			remoteGlobalIDString = 2A87FA2828DAECE2004C40C6;
			remoteInfo = MYSQLdatabase;
		};
/* End PBXContainerItemProxy section */

/* Begin PBXFileReference section */
		2A868DA428DC3D60007F0AFC /* Info.plist */ = {isa = PBXFileReference; lastKnownFileType = text.plist; path = Info.plist; sourceTree = "<group>"; };
		2A87FA2928DAECE2004C40C6 /* MYSQLdatabase.app */ = {isa = PBXFileReference; explicitFileType = wrapper.application; includeInIndex = 0; path = MYSQLdatabase.app; sourceTree = BUILT_PRODUCTS_DIR; };
		2A87FA2C28DAECE2004C40C6 /* MYSQLdatabaseApp.swift */ = {isa = PBXFileReference; lastKnownFileType = sourcecode.swift; path = MYSQLdatabaseApp.swift; sourceTree = "<group>"; };
		2A87FA2E28DAECE2004C40C6 /* ContentView.swift */ = {isa = PBXFileReference; lastKnownFileType = sourcecode.swift; path = ContentView.swift; sourceTree = "<group>"; };
		2A87FA3028DAECE5004C40C6 /* Assets.xcassets */ = {isa = PBXFileReference; lastKnownFileType = folder.assetcatalog; path = Assets.xcassets; sourceTree = "<group>"; };
		2A87FA3328DAECE5004C40C6 /* Preview Assets.xcassets */ = {isa = PBXFileReference; lastKnownFileType = folder.assetcatalog; path = "Preview Assets.xcassets"; sourceTree = "<group>"; };
		2A87FA3928DAECE6004C40C6 /* MYSQLdatabaseTests.xctest */ = {isa = PBXFileReference; explicitFileType = wrapper.cfbundle; includeInIndex = 0; path = MYSQLdatabaseTests.xctest; sourceTree = BUILT_PRODUCTS_DIR; };
		2A87FA3D28DAECE6004C40C6 /* MYSQLdatabaseTests.swift */ = {isa = PBXFileReference; lastKnownFileType = sourcecode.swift; path = MYSQLdatabaseTests.swift; sourceTree = "<group>"; };
		2A87FA4328DAECE6004C40C6 /* MYSQLdatabaseUITests.xctest */ = {isa = PBXFileReference; explicitFileType = wrapper.cfbundle; includeInIndex = 0; path = MYSQLdatabaseUITests.xctest; sourceTree = BUILT_PRODUCTS_DIR; };
		2A87FA4728DAECE6004C40C6 /* MYSQLdatabaseUITests.swift */ = {isa = PBXFileReference; lastKnownFileType = sourcecode.swift; path = MYSQLdatabaseUITests.swift; sourceTree = "<group>"; };
		2A87FA4928DAECE6004C40C6 /* MYSQLdatabaseUITestsLaunchTests.swift */ = {isa = PBXFileReference; lastKnownFileType = sourcecode.swift; path = MYSQLdatabaseUITestsLaunchTests.swift; sourceTree = "<group>"; };
		2A87FA5628DAED06004C40C6 /* ViewModel.swift */ = {isa = PBXFileReference; lastKnownFileType = sourcecode.swift; path = ViewModel.swift; sourceTree = "<group>"; };
		2A87FA5828DAED73004C40C6 /* Models.swift */ = {isa = PBXFileReference; lastKnownFileType = sourcecode.swift; path = Models.swift; sourceTree = "<group>"; };
		2ADD2A4228E060F2009E7082 /* DetailView.swift */ = {isa = PBXFileReference; lastKnownFileType = sourcecode.swift; path = DetailView.swift; sourceTree = "<group>"; };
		2ADD2A4428E06BAF009E7082 /* CardView.swift */ = {isa = PBXFileReference; lastKnownFileType = sourcecode.swift; path = CardView.swift; sourceTree = "<group>"; };
		2ADD2A4628E06CED009E7082 /* EditPost.swift */ = {isa = PBXFileReference; lastKnownFileType = sourcecode.swift; path = EditPost.swift; sourceTree = "<group>"; };
/* End PBXFileReference section */

/* Begin PBXFrameworksBuildPhase section */
		2A87FA2628DAECE2004C40C6 /* Frameworks */ = {
			isa = PBXFrameworksBuildPhase;
			buildActionMask = 2147483647;
			files = (
			);
			runOnlyForDeploymentPostprocessing = 0;
		};
		2A87FA3628DAECE6004C40C6 /* Frameworks */ = {
			isa = PBXFrameworksBuildPhase;
			buildActionMask = 2147483647;
			files = (
			);
			runOnlyForDeploymentPostprocessing = 0;
		};
		2A87FA4028DAECE6004C40C6 /* Frameworks */ = {
			isa = PBXFrameworksBuildPhase;
			buildActionMask = 2147483647;
			files = (
			);
			runOnlyForDeploymentPostprocessing = 0;
		};
/* End PBXFrameworksBuildPhase section */

/* Begin PBXGroup section */
		2A87FA2028DAECE2004C40C6 = {
			isa = PBXGroup;
			children = (
				2A87FA2B28DAECE2004C40C6 /* MYSQLdatabase */,
				2A87FA3C28DAECE6004C40C6 /* MYSQLdatabaseTests */,
				2A87FA4628DAECE6004C40C6 /* MYSQLdatabaseUITests */,
				2A87FA2A28DAECE2004C40C6 /* Products */,
			);
			sourceTree = "<group>";
		};
		2A87FA2A28DAECE2004C40C6 /* Products */ = {
			isa = PBXGroup;
			children = (
				2A87FA2928DAECE2004C40C6 /* MYSQLdatabase.app */,
				2A87FA3928DAECE6004C40C6 /* MYSQLdatabaseTests.xctest */,
				2A87FA4328DAECE6004C40C6 /* MYSQLdatabaseUITests.xctest */,
			);
			name = Products;
			sourceTree = "<group>";
		};
		2A87FA2B28DAECE2004C40C6 /* MYSQLdatabase */ = {
			isa = PBXGroup;
			children = (
				2A868DA428DC3D60007F0AFC /* Info.plist */,
				2A87FA2C28DAECE2004C40C6 /* MYSQLdatabaseApp.swift */,
				2A87FA2E28DAECE2004C40C6 /* ContentView.swift */,
				2ADD2A4428E06BAF009E7082 /* CardView.swift */,
				2A87FA3028DAECE5004C40C6 /* Assets.xcassets */,
				2A87FA3228DAECE5004C40C6 /* Preview Content */,
				2A87FA5628DAED06004C40C6 /* ViewModel.swift */,
				2A87FA5828DAED73004C40C6 /* Models.swift */,
				2ADD2A4228E060F2009E7082 /* DetailView.swift */,
				2ADD2A4628E06CED009E7082 /* EditPost.swift */,
			);
			path = MYSQLdatabase;
			sourceTree = "<group>";
		};
		2A87FA3228DAECE5004C40C6 /* Preview Content */ = {
			isa = PBXGroup;
			children = (
				2A87FA3328DAECE5004C40C6 /* Preview Assets.xcassets */,
			);
			path = "Preview Content";
			sourceTree = "<group>";
		};
		2A87FA3C28DAECE6004C40C6 /* MYSQLdatabaseTests */ = {
			isa = PBXGroup;
			children = (
				2A87FA3D28DAECE6004C40C6 /* MYSQLdatabaseTests.swift */,
			);
			path = MYSQLdatabaseTests;
			sourceTree = "<group>";
		};
		2A87FA4628DAECE6004C40C6 /* MYSQLdatabaseUITests */ = {
			isa = PBXGroup;
			children = (
				2A87FA4728DAECE6004C40C6 /* MYSQLdatabaseUITests.swift */,
				2A87FA4928DAECE6004C40C6 /* MYSQLdatabaseUITestsLaunchTests.swift */,
			);
			path = MYSQLdatabaseUITests;
			sourceTree = "<group>";
		};
/* End PBXGroup section */

/* Begin PBXNativeTarget section */
		2A87FA2828DAECE2004C40C6 /* MYSQLdatabase */ = {
			isa = PBXNativeTarget;
			buildConfigurationList = 2A87FA4D28DAECE6004C40C6 /* Build configuration list for PBXNativeTarget "MYSQLdatabase" */;
			buildPhases = (
				2A87FA2528DAECE2004C40C6 /* Sources */,
				2A87FA2628DAECE2004C40C6 /* Frameworks */,
				2A87FA2728DAECE2004C40C6 /* Resources */,
			);
			buildRules = (
			);
			dependencies = (
			);
			name = MYSQLdatabase;
			productName = MYSQLdatabase;
			productReference = 2A87FA2928DAECE2004C40C6 /* MYSQLdatabase.app */;
			productType = "com.apple.product-type.application";
		};
		2A87FA3828DAECE6004C40C6 /* MYSQLdatabaseTests */ = {
			isa = PBXNativeTarget;
			buildConfigurationList = 2A87FA5028DAECE6004C40C6 /* Build configuration list for PBXNativeTarget "MYSQLdatabaseTests" */;
			buildPhases = (
				2A87FA3528DAECE6004C40C6 /* Sources */,
				2A87FA3628DAECE6004C40C6 /* Frameworks */,
				2A87FA3728DAECE6004C40C6 /* Resources */,
			);
			buildRules = (
			);
			dependencies = (
				2A87FA3B28DAECE6004C40C6 /* PBXTargetDependency */,
			);
			name = MYSQLdatabaseTests;
			productName = MYSQLdatabaseTests;
			productReference = 2A87FA3928DAECE6004C40C6 /* MYSQLdatabaseTests.xctest */;
			productType = "com.apple.product-type.bundle.unit-test";
		};
		2A87FA4228DAECE6004C40C6 /* MYSQLdatabaseUITests */ = {
			isa = PBXNativeTarget;
			buildConfigurationList = 2A87FA5328DAECE6004C40C6 /* Build configuration list for PBXNativeTarget "MYSQLdatabaseUITests" */;
			buildPhases = (
				2A87FA3F28DAECE6004C40C6 /* Sources */,
				2A87FA4028DAECE6004C40C6 /* Frameworks */,
				2A87FA4128DAECE6004C40C6 /* Resources */,
			);
			buildRules = (
			);
			dependencies = (
				2A87FA4528DAECE6004C40C6 /* PBXTargetDependency */,
			);
			name = MYSQLdatabaseUITests;
			productName = MYSQLdatabaseUITests;
			productReference = 2A87FA4328DAECE6004C40C6 /* MYSQLdatabaseUITests.xctest */;
			productType = "com.apple.product-type.bundle.ui-testing";
		};
/* End PBXNativeTarget section */

/* Begin PBXProject section */
		2A87FA2128DAECE2004C40C6 /* Project object */ = {
			isa = PBXProject;
			attributes = {
				BuildIndependentTargetsInParallel = 1;
				LastSwiftUpdateCheck = 1340;
				LastUpgradeCheck = 1340;
				TargetAttributes = {
					2A87FA2828DAECE2004C40C6 = {
						CreatedOnToolsVersion = 13.4.1;
					};
					2A87FA3828DAECE6004C40C6 = {
						CreatedOnToolsVersion = 13.4.1;
						TestTargetID = 2A87FA2828DAECE2004C40C6;
					};
					2A87FA4228DAECE6004C40C6 = {
						CreatedOnToolsVersion = 13.4.1;
						TestTargetID = 2A87FA2828DAECE2004C40C6;
					};
				};
			};
			buildConfigurationList = 2A87FA2428DAECE2004C40C6 /* Build configuration list for PBXProject "MYSQLdatabase" */;
			compatibilityVersion = "Xcode 13.0";
			developmentRegion = en;
			hasScannedForEncodings = 0;
			knownRegions = (
				en,
				Base,
			);
			mainGroup = 2A87FA2028DAECE2004C40C6;
			productRefGroup = 2A87FA2A28DAECE2004C40C6 /* Products */;
			projectDirPath = "";
			projectRoot = "";
			targets = (
				2A87FA2828DAECE2004C40C6 /* MYSQLdatabase */,
				2A87FA3828DAECE6004C40C6 /* MYSQLdatabaseTests */,
				2A87FA4228DAECE6004C40C6 /* MYSQLdatabaseUITests */,
			);
		};
/* End PBXProject section */

/* Begin PBXResourcesBuildPhase section */
		2A87FA2728DAECE2004C40C6 /* Resources */ = {
			isa = PBXResourcesBuildPhase;
			buildActionMask = 2147483647;
			files = (
				2A87FA3428DAECE5004C40C6 /* Preview Assets.xcassets in Resources */,
				2A87FA3128DAECE5004C40C6 /* Assets.xcassets in Resources */,
			);
			runOnlyForDeploymentPostprocessing = 0;
		};
		2A87FA3728DAECE6004C40C6 /* Resources */ = {
			isa = PBXResourcesBuildPhase;
			buildActionMask = 2147483647;
			files = (
			);
			runOnlyForDeploymentPostprocessing = 0;
		};
		2A87FA4128DAECE6004C40C6 /* Resources */ = {
			isa = PBXResourcesBuildPhase;
			buildActionMask = 2147483647;
			files = (
			);
			runOnlyForDeploymentPostprocessing = 0;
		};
/* End PBXResourcesBuildPhase section */

/* Begin PBXSourcesBuildPhase section */
		2A87FA2528DAECE2004C40C6 /* Sources */ = {
			isa = PBXSourcesBuildPhase;
			buildActionMask = 2147483647;
			files = (
				2A87FA2F28DAECE2004C40C6 /* ContentView.swift in Sources */,
				2A87FA5728DAED06004C40C6 /* ViewModel.swift in Sources */,
				2A87FA2D28DAECE2004C40C6 /* MYSQLdatabaseApp.swift in Sources */,
				2ADD2A4328E060F2009E7082 /* DetailView.swift in Sources */,
				2ADD2A4528E06BAF009E7082 /* CardView.swift in Sources */,
				2A87FA5928DAED73004C40C6 /* Models.swift in Sources */,
				2ADD2A4728E06CED009E7082 /* EditPost.swift in Sources */,
			);
			runOnlyForDeploymentPostprocessing = 0;
		};
		2A87FA3528DAECE6004C40C6 /* Sources */ = {
			isa = PBXSourcesBuildPhase;
			buildActionMask = 2147483647;
			files = (
				2A87FA3E28DAECE6004C40C6 /* MYSQLdatabaseTests.swift in Sources */,
			);
			runOnlyForDeploymentPostprocessing = 0;
		};
		2A87FA3F28DAECE6004C40C6 /* Sources */ = {
			isa = PBXSourcesBuildPhase;
			buildActionMask = 2147483647;
			files = (
				2A87FA4A28DAECE6004C40C6 /* MYSQLdatabaseUITestsLaunchTests.swift in Sources */,
				2A87FA4828DAECE6004C40C6 /* MYSQLdatabaseUITests.swift in Sources */,
			);
			runOnlyForDeploymentPostprocessing = 0;
		};
/* End PBXSourcesBuildPhase section */

/* Begin PBXTargetDependency section */
		2A87FA3B28DAECE6004C40C6 /* PBXTargetDependency */ = {
			isa = PBXTargetDependency;
			target = 2A87FA2828DAECE2004C40C6 /* MYSQLdatabase */;
			targetProxy = 2A87FA3A28DAECE6004C40C6 /* PBXContainerItemProxy */;
		};
		2A87FA4528DAECE6004C40C6 /* PBXTargetDependency */ = {
			isa = PBXTargetDependency;
			target = 2A87FA2828DAECE2004C40C6 /* MYSQLdatabase */;
			targetProxy = 2A87FA4428DAECE6004C40C6 /* PBXContainerItemProxy */;
		};
/* End PBXTargetDependency section */

/* Begin XCBuildConfiguration section */
		2A87FA4B28DAECE6004C40C6 /* Debug */ = {
			isa = XCBuildConfiguration;
			buildSettings = {
				ALWAYS_SEARCH_USER_PATHS = NO;
				CLANG_ANALYZER_NONNULL = YES;
				CLANG_ANALYZER_NUMBER_OBJECT_CONVERSION = YES_AGGRESSIVE;
				CLANG_CXX_LANGUAGE_STANDARD = "gnu++17";
				CLANG_ENABLE_MODULES = YES;
				CLANG_ENABLE_OBJC_ARC = YES;
				CLANG_ENABLE_OBJC_WEAK = YES;
				CLANG_WARN_BLOCK_CAPTURE_AUTORELEASING = YES;
				CLANG_WARN_BOOL_CONVERSION = YES;
				CLANG_WARN_COMMA = YES;
				CLANG_WARN_CONSTANT_CONVERSION = YES;
				CLANG_WARN_DEPRECATED_OBJC_IMPLEMENTATIONS = YES;
				CLANG_WARN_DIRECT_OBJC_ISA_USAGE = YES_ERROR;
				CLANG_WARN_DOCUMENTATION_COMMENTS = YES;
				CLANG_WARN_EMPTY_BODY = YES;
				CLANG_WARN_ENUM_CONVERSION = YES;
				CLANG_WARN_INFINITE_RECURSION = YES;
				CLANG_WARN_INT_CONVERSION = YES;
				CLANG_WARN_NON_LITERAL_NULL_CONVERSION = YES;
				CLANG_WARN_OBJC_IMPLICIT_RETAIN_SELF = YES;
				CLANG_WARN_OBJC_LITERAL_CONVERSION = YES;
				CLANG_WARN_OBJC_ROOT_CLASS = YES_ERROR;
				CLANG_WARN_QUOTED_INCLUDE_IN_FRAMEWORK_HEADER = YES;
				CLANG_WARN_RANGE_LOOP_ANALYSIS = YES;
				CLANG_WARN_STRICT_PROTOTYPES = YES;
				CLANG_WARN_SUSPICIOUS_MOVE = YES;
				CLANG_WARN_UNGUARDED_AVAILABILITY = YES_AGGRESSIVE;
				CLANG_WARN_UNREACHABLE_CODE = YES;
				CLANG_WARN__DUPLICATE_METHOD_MATCH = YES;
				COPY_PHASE_STRIP = NO;
				DEBUG_INFORMATION_FORMAT = dwarf;
				ENABLE_STRICT_OBJC_MSGSEND = YES;
				ENABLE_TESTABILITY = YES;
				GCC_C_LANGUAGE_STANDARD = gnu11;
				GCC_DYNAMIC_NO_PIC = NO;
				GCC_NO_COMMON_BLOCKS = YES;
				GCC_OPTIMIZATION_LEVEL = 0;
				GCC_PREPROCESSOR_DEFINITIONS = (
					"DEBUG=1",
					"$(inherited)",
				);
				GCC_WARN_64_TO_32_BIT_CONVERSION = YES;
				GCC_WARN_ABOUT_RETURN_TYPE = YES_ERROR;
				GCC_WARN_UNDECLARED_SELECTOR = YES;
				GCC_WARN_UNINITIALIZED_AUTOS = YES_AGGRESSIVE;
				GCC_WARN_UNUSED_FUNCTION = YES;
				GCC_WARN_UNUSED_VARIABLE = YES;
				IPHONEOS_DEPLOYMENT_TARGET = 15.5;
				MTL_ENABLE_DEBUG_INFO = INCLUDE_SOURCE;
				MTL_FAST_MATH = YES;
				ONLY_ACTIVE_ARCH = YES;
				SDKROOT = iphoneos;
				SWIFT_ACTIVE_COMPILATION_CONDITIONS = DEBUG;
				SWIFT_OPTIMIZATION_LEVEL = "-Onone";
			};
			name = Debug;
		};
		2A87FA4C28DAECE6004C40C6 /* Release */ = {
			isa = XCBuildConfiguration;
			buildSettings = {
				ALWAYS_SEARCH_USER_PATHS = NO;
				CLANG_ANALYZER_NONNULL = YES;
				CLANG_ANALYZER_NUMBER_OBJECT_CONVERSION = YES_AGGRESSIVE;
				CLANG_CXX_LANGUAGE_STANDARD = "gnu++17";
				CLANG_ENABLE_MODULES = YES;
				CLANG_ENABLE_OBJC_ARC = YES;
				CLANG_ENABLE_OBJC_WEAK = YES;
				CLANG_WARN_BLOCK_CAPTURE_AUTORELEASING = YES;
				CLANG_WARN_BOOL_CONVERSION = YES;
				CLANG_WARN_COMMA = YES;
				CLANG_WARN_CONSTANT_CONVERSION = YES;
				CLANG_WARN_DEPRECATED_OBJC_IMPLEMENTATIONS = YES;
				CLANG_WARN_DIRECT_OBJC_ISA_USAGE = YES_ERROR;
				CLANG_WARN_DOCUMENTATION_COMMENTS = YES;
				CLANG_WARN_EMPTY_BODY = YES;
				CLANG_WARN_ENUM_CONVERSION = YES;
				CLANG_WARN_INFINITE_RECURSION = YES;
				CLANG_WARN_INT_CONVERSION = YES;
				CLANG_WARN_NON_LITERAL_NULL_CONVERSION = YES;
				CLANG_WARN_OBJC_IMPLICIT_RETAIN_SELF = YES;
				CLANG_WARN_OBJC_LITERAL_CONVERSION = YES;
				CLANG_WARN_OBJC_ROOT_CLASS = YES_ERROR;
				CLANG_WARN_QUOTED_INCLUDE_IN_FRAMEWORK_HEADER = YES;
				CLANG_WARN_RANGE_LOOP_ANALYSIS = YES;
				CLANG_WARN_STRICT_PROTOTYPES = YES;
				CLANG_WARN_SUSPICIOUS_MOVE = YES;
				CLANG_WARN_UNGUARDED_AVAILABILITY = YES_AGGRESSIVE;
				CLANG_WARN_UNREACHABLE_CODE = YES;
				CLANG_WARN__DUPLICATE_METHOD_MATCH = YES;
				COPY_PHASE_STRIP = NO;
				DEBUG_INFORMATION_FORMAT = "dwarf-with-dsym";
				ENABLE_NS_ASSERTIONS = NO;
				ENABLE_STRICT_OBJC_MSGSEND = YES;
				GCC_C_LANGUAGE_STANDARD = gnu11;
				GCC_NO_COMMON_BLOCKS = YES;
				GCC_WARN_64_TO_32_BIT_CONVERSION = YES;
				GCC_WARN_ABOUT_RETURN_TYPE = YES_ERROR;
				GCC_WARN_UNDECLARED_SELECTOR = YES;
				GCC_WARN_UNINITIALIZED_AUTOS = YES_AGGRESSIVE;
				GCC_WARN_UNUSED_FUNCTION = YES;
				GCC_WARN_UNUSED_VARIABLE = YES;
				IPHONEOS_DEPLOYMENT_TARGET = 15.5;
				MTL_ENABLE_DEBUG_INFO = NO;
				MTL_FAST_MATH = YES;
				SDKROOT = iphoneos;
				SWIFT_COMPILATION_MODE = wholemodule;
				SWIFT_OPTIMIZATION_LEVEL = "-O";
				VALIDATE_PRODUCT = YES;
			};
			name = Release;
		};
		2A87FA4E28DAECE6004C40C6 /* Debug */ = {
			isa = XCBuildConfiguration;
			buildSettings = {
				ASSETCATALOG_COMPILER_APPICON_NAME = AppIcon;
				ASSETCATALOG_COMPILER_GLOBAL_ACCENT_COLOR_NAME = AccentColor;
				CODE_SIGN_STYLE = Automatic;
				CURRENT_PROJECT_VERSION = 1;
				DEVELOPMENT_ASSET_PATHS = "\"MYSQLdatabase/Preview Content\"";
				DEVELOPMENT_TEAM = 9JRM3SAZ2F;
				ENABLE_PREVIEWS = YES;
				GENERATE_INFOPLIST_FILE = YES;
				INFOPLIST_FILE = MYSQLdatabase/Info.plist;
				INFOPLIST_KEY_UIApplicationSceneManifest_Generation = YES;
				INFOPLIST_KEY_UIApplicationSupportsIndirectInputEvents = YES;
				INFOPLIST_KEY_UILaunchScreen_Generation = YES;
				INFOPLIST_KEY_UISupportedInterfaceOrientations_iPad = "UIInterfaceOrientationPortrait UIInterfaceOrientationPortraitUpsideDown UIInterfaceOrientationLandscapeLeft UIInterfaceOrientationLandscapeRight";
				INFOPLIST_KEY_UISupportedInterfaceOrientations_iPhone = "UIInterfaceOrientationPortrait UIInterfaceOrientationLandscapeLeft UIInterfaceOrientationLandscapeRight";
				LD_RUNPATH_SEARCH_PATHS = (
					"$(inherited)",
					"@executable_path/Frameworks",
				);
				MARKETING_VERSION = 1.0;
				PRODUCT_BUNDLE_IDENTIFIER = hazemsmawy.MYSQLdatabase;
				PRODUCT_NAME = "$(TARGET_NAME)";
				SWIFT_EMIT_LOC_STRINGS = YES;
				SWIFT_VERSION = 5.0;
				TARGETED_DEVICE_FAMILY = "1,2";
			};
			name = Debug;
		};
		2A87FA4F28DAECE6004C40C6 /* Release */ = {
			isa = XCBuildConfiguration;
			buildSettings = {
				ASSETCATALOG_COMPILER_APPICON_NAME = AppIcon;
				ASSETCATALOG_COMPILER_GLOBAL_ACCENT_COLOR_NAME = AccentColor;
				CODE_SIGN_STYLE = Automatic;
				CURRENT_PROJECT_VERSION = 1;
				DEVELOPMENT_ASSET_PATHS = "\"MYSQLdatabase/Preview Content\"";
				DEVELOPMENT_TEAM = 9JRM3SAZ2F;
				ENABLE_PREVIEWS = YES;
				GENERATE_INFOPLIST_FILE = YES;
				INFOPLIST_FILE = MYSQLdatabase/Info.plist;
				INFOPLIST_KEY_UIApplicationSceneManifest_Generation = YES;
				INFOPLIST_KEY_UIApplicationSupportsIndirectInputEvents = YES;
				INFOPLIST_KEY_UILaunchScreen_Generation = YES;
				INFOPLIST_KEY_UISupportedInterfaceOrientations_iPad = "UIInterfaceOrientationPortrait UIInterfaceOrientationPortraitUpsideDown UIInterfaceOrientationLandscapeLeft UIInterfaceOrientationLandscapeRight";
				INFOPLIST_KEY_UISupportedInterfaceOrientations_iPhone = "UIInterfaceOrientationPortrait UIInterfaceOrientationLandscapeLeft UIInterfaceOrientationLandscapeRight";
				LD_RUNPATH_SEARCH_PATHS = (
					"$(inherited)",
					"@executable_path/Frameworks",
				);
				MARKETING_VERSION = 1.0;
				PRODUCT_BUNDLE_IDENTIFIER = hazemsmawy.MYSQLdatabase;
				PRODUCT_NAME = "$(TARGET_NAME)";
				SWIFT_EMIT_LOC_STRINGS = YES;
				SWIFT_VERSION = 5.0;
				TARGETED_DEVICE_FAMILY = "1,2";
			};
			name = Release;
		};
		2A87FA5128DAECE6004C40C6 /* Debug */ = {
			isa = XCBuildConfiguration;
			buildSettings = {
				ALWAYS_EMBED_SWIFT_STANDARD_LIBRARIES = YES;
				BUNDLE_LOADER = "$(TEST_HOST)";
				CODE_SIGN_STYLE = Automatic;
				CURRENT_PROJECT_VERSION = 1;
				DEVELOPMENT_TEAM = 9JRM3SAZ2F;
				GENERATE_INFOPLIST_FILE = YES;
				IPHONEOS_DEPLOYMENT_TARGET = 15.5;
				MARKETING_VERSION = 1.0;
				PRODUCT_BUNDLE_IDENTIFIER = hazemsmawy.MYSQLdatabaseTests;
				PRODUCT_NAME = "$(TARGET_NAME)";
				SWIFT_EMIT_LOC_STRINGS = NO;
				SWIFT_VERSION = 5.0;
				TARGETED_DEVICE_FAMILY = "1,2";
				TEST_HOST = "$(BUILT_PRODUCTS_DIR)/MYSQLdatabase.app/MYSQLdatabase";
			};
			name = Debug;
		};
		2A87FA5228DAECE6004C40C6 /* Release */ = {
			isa = XCBuildConfiguration;
			buildSettings = {
				ALWAYS_EMBED_SWIFT_STANDARD_LIBRARIES = YES;
				BUNDLE_LOADER = "$(TEST_HOST)";
				CODE_SIGN_STYLE = Automatic;
				CURRENT_PROJECT_VERSION = 1;
				DEVELOPMENT_TEAM = 9JRM3SAZ2F;
				GENERATE_INFOPLIST_FILE = YES;
				IPHONEOS_DEPLOYMENT_TARGET = 15.5;
				MARKETING_VERSION = 1.0;
				PRODUCT_BUNDLE_IDENTIFIER = hazemsmawy.MYSQLdatabaseTests;
				PRODUCT_NAME = "$(TARGET_NAME)";
				SWIFT_EMIT_LOC_STRINGS = NO;
				SWIFT_VERSION = 5.0;
				TARGETED_DEVICE_FAMILY = "1,2";
				TEST_HOST = "$(BUILT_PRODUCTS_DIR)/MYSQLdatabase.app/MYSQLdatabase";
			};
			name = Release;
		};
		2A87FA5428DAECE6004C40C6 /* Debug */ = {
			isa = XCBuildConfiguration;
			buildSettings = {
				ALWAYS_EMBED_SWIFT_STANDARD_LIBRARIES = YES;
				CODE_SIGN_STYLE = Automatic;
				CURRENT_PROJECT_VERSION = 1;
				DEVELOPMENT_TEAM = 9JRM3SAZ2F;
				GENERATE_INFOPLIST_FILE = YES;
				MARKETING_VERSION = 1.0;
				PRODUCT_BUNDLE_IDENTIFIER = hazemsmawy.MYSQLdatabaseUITests;
				PRODUCT_NAME = "$(TARGET_NAME)";
				SWIFT_EMIT_LOC_STRINGS = NO;
				SWIFT_VERSION = 5.0;
				TARGETED_DEVICE_FAMILY = "1,2";
				TEST_TARGET_NAME = MYSQLdatabase;
			};
			name = Debug;
		};
		2A87FA5528DAECE6004C40C6 /* Release */ = {
			isa = XCBuildConfiguration;
			buildSettings = {
				ALWAYS_EMBED_SWIFT_STANDARD_LIBRARIES = YES;
				CODE_SIGN_STYLE = Automatic;
				CURRENT_PROJECT_VERSION = 1;
				DEVELOPMENT_TEAM = 9JRM3SAZ2F;
				GENERATE_INFOPLIST_FILE = YES;
				MARKETING_VERSION = 1.0;
				PRODUCT_BUNDLE_IDENTIFIER = hazemsmawy.MYSQLdatabaseUITests;
				PRODUCT_NAME = "$(TARGET_NAME)";
				SWIFT_EMIT_LOC_STRINGS = NO;
				SWIFT_VERSION = 5.0;
				TARGETED_DEVICE_FAMILY = "1,2";
				TEST_TARGET_NAME = MYSQLdatabase;
			};
			name = Release;
		};
/* End XCBuildConfiguration section */

/* Begin XCConfigurationList section */
		2A87FA2428DAECE2004C40C6 /* Build configuration list for PBXProject "MYSQLdatabase" */ = {
			isa = XCConfigurationList;
			buildConfigurations = (
				2A87FA4B28DAECE6004C40C6 /* Debug */,
				2A87FA4C28DAECE6004C40C6 /* Release */,
			);
			defaultConfigurationIsVisible = 0;
			defaultConfigurationName = Release;
		};
		2A87FA4D28DAECE6004C40C6 /* Build configuration list for PBXNativeTarget "MYSQLdatabase" */ = {
			isa = XCConfigurationList;
			buildConfigurations = (
				2A87FA4E28DAECE6004C40C6 /* Debug */,
				2A87FA4F28DAECE6004C40C6 /* Release */,
			);
			defaultConfigurationIsVisible = 0;
			defaultConfigurationName = Release;
		};
		2A87FA5028DAECE6004C40C6 /* Build configuration list for PBXNativeTarget "MYSQLdatabaseTests" */ = {
			isa = XCConfigurationList;
			buildConfigurations = (
				2A87FA5128DAECE6004C40C6 /* Debug */,
				2A87FA5228DAECE6004C40C6 /* Release */,
			);
			defaultConfigurationIsVisible = 0;
			defaultConfigurationName = Release;
		};
		2A87FA5328DAECE6004C40C6 /* Build configuration list for PBXNativeTarget "MYSQLdatabaseUITests" */ = {
			isa = XCConfigurationList;
			buildConfigurations = (
				2A87FA5428DAECE6004C40C6 /* Debug */,
				2A87FA5528DAECE6004C40C6 /* Release */,
			);
			defaultConfigurationIsVisible = 0;
			defaultConfigurationName = Release;
		};
/* End XCConfigurationList section */
	};
	rootObject = 2A87FA2128DAECE2004C40C6 /* Project object */;
}
